{
  "name": "radio-station",
  "version": "1.0.0",
  "lockfileVersion": 1,
  "requires": true,
  "dependencies": {
    "audiomotion-analyzer": {
      "version": "3.6.0",
      "resolved": "https://registry.npmjs.org/audiomotion-analyzer/-/audiomotion-analyzer-3.6.0.tgz",
      "integrity": "sha512-3f1fuyuIjhuDn5MADwNpwyyEYj3Cg48+QSjl4O5qFtW3daVAK9fmSRI6b55lW0MlmckrQ3oNyqaocDeHZ8uwLQ=="
    }
  }
}
